
Microsoft Visual Studio Solution File, Format Version 12.00
# Visual Studio Version 17
VisualStudioVersion = 17.4.33403.182
MinimumVisualStudioVersion = 10.0.40219.1
Project("{FAE04EC0-301F-11D3-BF4B-00C04F79EFBC}") = "DapperCore", "DapperCore\DapperCore.csproj", "{82DD8619-5580-40C7-BDB8-4BE20CB8628A}"
EndProject
Global
	GlobalSection(SolutionConfigurationPlatforms) = preSolution
		Debug|Any CPU = Debug|Any CPU
		Release|Any CPU = Release|Any CPU
	EndGlobalSection
	GlobalSection(ProjectConfigurationPlatforms) = postSolution
		{82DD8619-5580-40C7-BDB8-4BE20CB8628A}.Debug|Any CPU.ActiveCfg = Debug|Any CPU
		{82DD8619-5580-40C7-BDB8-4BE20CB8628A}.Debug|Any CPU.Build.0 = Debug|Any CPU
		{82DD8619-5580-40C7-BDB8-4BE20CB8628A}.Release|Any CPU.ActiveCfg = Release|Any CPU
		{82DD8619-5580-40C7-BDB8-4BE20CB8628A}.Release|Any CPU.Build.0 = Release|Any CPU
	EndGlobalSection
	GlobalSection(SolutionProperties) = preSolution
		HideSolutionNode = FALSE
	EndGlobalSection
	GlobalSection(ExtensibilityGlobals) = postSolution
		SolutionGuid = {2798534C-FCEA-490B-90DA-F9793B2E3B25}
	EndGlobalSection
EndGlobal
